<?xml version="1.0" encoding="utf-8"?>
<Project ToolsVersion="4.0" xmlns="http://schemas.microsoft.com/developer/msbuild/2003">
  <ItemGroup>
    <Filter Include="Source Files">
      <UniqueIdentifier>{4FC737F1-C7A5-4376-A066-2A32D752A2FF}</UniqueIdentifier>
      <Extensions>cpp;c;cc;cxx;def;odl;idl;hpj;bat;asm;asmx</Extensions>
    </Filter>
    <Filter Include="Source Files\DataStructures">
      <UniqueIdentifier>{b5d1c4cb-9557-48ed-9583-0355cdf935fd}</UniqueIdentifier>
    </Filter>
    <Filter Include="Source Files\Headers">
      <UniqueIdentifier>{611749ab-5d96-4e8e-b24e-e4ad892907ac}</UniqueIdentifier>
    </Filter>
    <Filter Include="Source Files\Packets">
      <UniqueIdentifier>{55e68680-6d6c-4068-a8c0-8e7b0a821227}</UniqueIdentifier>
    </Filter>
    <Filter Include="Source Files\Simulation">
      <UniqueIdentifier>{90d3ba92-3e22-4f2c-a375-36500c239dcb}</UniqueIdentifier>
    </Filter>
  </ItemGroup>
  <ItemGroup>
    <ClCompile Include="main.cpp">
      <Filter>Source Files</Filter>
    </ClCompile>
    <ClCompile Include="LPV.cpp">
      <Filter>Source Files\DataStructures</Filter>
    </ClCompile>
    <ClCompile Include="CommonHeader.cpp">
      <Filter>Source Files\Headers</Filter>
    </ClCompile>
    <ClCompile Include="BasicHeader.cpp">
      <Filter>Source Files\Headers</Filter>
    </ClCompile>
    <ClCompile Include="BeaconHeader.cpp">
      <Filter>Source Files\Headers</Filter>
    </ClCompile>
    <ClCompile Include="Packet.cpp">
      <Filter>Source Files\Packets</Filter>
    </ClCompile>
    <ClCompile Include="BeaconPacket.cpp">
      <Filter>Source Files\Packets</Filter>
    </ClCompile>
    <ClCompile Include="Simulator.cpp">
      <Filter>Source Files\Simulation</Filter>
    </ClCompile>
    <ClCompile Include="Vehicle.cpp">
      <Filter>Source Files\Simulation</Filter>
    </ClCompile>
    <ClCompile Include="Environment.cpp">
      <Filter>Source Files\Simulation</Filter>
    </ClCompile>
    <ClCompile Include="LSReqHeader.cpp">
      <Filter>Source Files\Headers</Filter>
    </ClCompile>
    <ClCompile Include="LSReqPacket.cpp">
      <Filter>Source Files\Packets</Filter>
    </ClCompile>
    <ClCompile Include="SPV.cpp">
      <Filter>Source Files\DataStructures</Filter>
    </ClCompile>
    <ClCompile Include="GUCHeader.cpp">
      <Filter>Source Files\Headers</Filter>
    </ClCompile>
    <ClCompile Include="GUCPacket.cpp">
      <Filter>Source Files\Packets</Filter>
    </ClCompile>
    <ClCompile Include="LSRepPacket.cpp">
      <Filter>Source Files\Packets</Filter>
    </ClCompile>
    <ClCompile Include="LSRepHeader.cpp">
      <Filter>Source Files\Headers</Filter>
    </ClCompile>
    <ClCompile Include="LocTEntry.cpp">
      <Filter>Source Files\DataStructures</Filter>
    </ClCompile>
    <ClCompile Include="TSBHeader.cpp">
      <Filter>Source Files\Headers</Filter>
    </ClCompile>
    <ClCompile Include="TSBPacket.cpp">
      <Filter>Source Files\Packets</Filter>
    </ClCompile>
    <ClCompile Include="SHBHeader.cpp">
      <Filter>Source Files\Headers</Filter>
    </ClCompile>
    <ClCompile Include="SHBPacket.cpp">
      <Filter>Source Files\Packets</Filter>
    </ClCompile>
    <ClCompile Include="GACHeader.cpp">
      <Filter>Source Files\Headers</Filter>
    </ClCompile>
    <ClCompile Include="GBCHeader.cpp">
      <Filter>Source Files\Headers</Filter>
    </ClCompile>
    <ClCompile Include="GACPacket.cpp">
      <Filter>Source Files\Packets</Filter>
    </ClCompile>
    <ClCompile Include="GBCPacket.cpp">
      <Filter>Source Files\Packets</Filter>
    </ClCompile>
    <ClCompile Include="PhysicalResources.cpp">
      <Filter>Source Files\Simulation</Filter>
    </ClCompile>
    <ClCompile Include="MACBufferElement.cpp">
      <Filter>Source Files\DataStructures</Filter>
    </ClCompile>
  </ItemGroup>
  <ItemGroup>
    <ClInclude Include="LPV.h">
      <Filter>Source Files\DataStructures</Filter>
    </ClInclude>
    <ClInclude Include="CommonHeader.h">
      <Filter>Source Files\Headers</Filter>
    </ClInclude>
    <ClInclude Include="BasicHeader.h">
      <Filter>Source Files\Headers</Filter>
    </ClInclude>
    <ClInclude Include="BeaconHeader.h">
      <Filter>Source Files\Headers</Filter>
    </ClInclude>
    <ClInclude Include="Packet.h">
      <Filter>Source Files\Packets</Filter>
    </ClInclude>
    <ClInclude Include="BeaconPacket.h">
      <Filter>Source Files\Packets</Filter>
    </ClInclude>
    <ClInclude Include="Simulator.h">
      <Filter>Source Files\Simulation</Filter>
    </ClInclude>
    <ClInclude Include="Vehicle.h">
      <Filter>Source Files\Simulation</Filter>
    </ClInclude>
    <ClInclude Include="Environment.h">
      <Filter>Source Files\Simulation</Filter>
    </ClInclude>
    <ClInclude Include="LSReqHeader.h">
      <Filter>Source Files\Headers</Filter>
    </ClInclude>
    <ClInclude Include="LSReqPacket.h">
      <Filter>Source Files\Packets</Filter>
    </ClInclude>
    <ClInclude Include="SPV.h">
      <Filter>Source Files\DataStructures</Filter>
    </ClInclude>
    <ClInclude Include="GUCHeader.h">
      <Filter>Source Files\Headers</Filter>
    </ClInclude>
    <ClInclude Include="GUCPacket.h">
      <Filter>Source Files\Packets</Filter>
    </ClInclude>
    <ClInclude Include="LSRepPacket.h">
      <Filter>Source Files\Packets</Filter>
    </ClInclude>
    <ClInclude Include="LSRepHeader.h">
      <Filter>Source Files\Headers</Filter>
    </ClInclude>
    <ClInclude Include="LocTEntry.h">
      <Filter>Source Files\DataStructures</Filter>
    </ClInclude>
    <ClInclude Include="TSBHeader.h">
      <Filter>Source Files\Headers</Filter>
    </ClInclude>
    <ClInclude Include="TSBPacket.h">
      <Filter>Source Files\Packets</Filter>
    </ClInclude>
    <ClInclude Include="SHBHeader.h">
      <Filter>Source Files\Headers</Filter>
    </ClInclude>
    <ClInclude Include="SHBPacket.h">
      <Filter>Source Files\Packets</Filter>
    </ClInclude>
    <ClInclude Include="GACHeader.h">
      <Filter>Source Files\Headers</Filter>
    </ClInclude>
    <ClInclude Include="GBCHeader.h">
      <Filter>Source Files\Headers</Filter>
    </ClInclude>
    <ClInclude Include="GACPacket.h">
      <Filter>Source Files\Packets</Filter>
    </ClInclude>
    <ClInclude Include="GBCPacket.h">
      <Filter>Source Files\Packets</Filter>
    </ClInclude>
    <ClInclude Include="PhysicalResources.h">
      <Filter>Source Files\Simulation</Filter>
    </ClInclude>
    <ClInclude Include="MACBufferElement.h">
      <Filter>Source Files\DataStructures</Filter>
    </ClInclude>
  </ItemGroup>
</Project>